// !$*UTF8*$!
{
	archiveVersion = 1;
	classes = {
	};
	objectVersion = 50;
	objects = {

/* Begin PBXBuildFile section */
		834BB7D9211971B90072069F /* AppDelegate.swift in Sources */ = {isa = PBXBuildFile; fileRef = 834BB7D8211971B90072069F /* AppDelegate.swift */; };
		834BB7DB211971B90072069F /* SignUpController.swift in Sources */ = {isa = PBXBuildFile; fileRef = 834BB7DA211971B90072069F /* SignUpController.swift */; };
		834BB7DE211971B90072069F /* Main.storyboard in Resources */ = {isa = PBXBuildFile; fileRef = 834BB7DC211971B90072069F /* Main.storyboard */; };
		834BB7E0211971BA0072069F /* Assets.xcassets in Resources */ = {isa = PBXBuildFile; fileRef = 834BB7DF211971BA0072069F /* Assets.xcassets */; };
		834BB7E3211971BA0072069F /* LaunchScreen.storyboard in Resources */ = {isa = PBXBuildFile; fileRef = 834BB7E1211971BA0072069F /* LaunchScreen.storyboard */; };
		834BB7EC211A78110072069F /* Extensions.swift in Sources */ = {isa = PBXBuildFile; fileRef = 834BB7EB211A78110072069F /* Extensions.swift */; };
		834BB7F0211A81CF0072069F /* GoogleService-Info.plist in Resources */ = {isa = PBXBuildFile; fileRef = 834BB7EF211A81CF0072069F /* GoogleService-Info.plist */; };
		834BB7F2211F93780072069F /* MainTabBarController.swift in Sources */ = {isa = PBXBuildFile; fileRef = 834BB7F1211F93780072069F /* MainTabBarController.swift */; };
		834BB7F4211F94AA0072069F /* UserProfileController.swift in Sources */ = {isa = PBXBuildFile; fileRef = 834BB7F3211F94AA0072069F /* UserProfileController.swift */; };
		834BB7F8211F9FB10072069F /* UserProfileHeader.swift in Sources */ = {isa = PBXBuildFile; fileRef = 834BB7F7211F9FB10072069F /* UserProfileHeader.swift */; };
		834BB7FC212249280072069F /* LoginController.swift in Sources */ = {isa = PBXBuildFile; fileRef = 834BB7FB212249280072069F /* LoginController.swift */; };
		CE1B9A1352E37CE90A2B156E /* Pods_Instagram_Firebase.framework in Frameworks */ = {isa = PBXBuildFile; fileRef = BD43DDE3B2928C8981F457CE /* Pods_Instagram_Firebase.framework */; };
/* End PBXBuildFile section */

/* Begin PBXFileReference section */
		0426062A229542476B4E730E /* Pods-Instagram-Firebase.release.xcconfig */ = {isa = PBXFileReference; includeInIndex = 1; lastKnownFileType = text.xcconfig; name = "Pods-Instagram-Firebase.release.xcconfig"; path = "Pods/Target Support Files/Pods-Instagram-Firebase/Pods-Instagram-Firebase.release.xcconfig"; sourceTree = "<group>"; };
		834BB7D5211971B90072069F /* Instagram-Firebase.app */ = {isa = PBXFileReference; explicitFileType = wrapper.application; includeInIndex = 0; path = "Instagram-Firebase.app"; sourceTree = BUILT_PRODUCTS_DIR; };
		834BB7D8211971B90072069F /* AppDelegate.swift */ = {isa = PBXFileReference; lastKnownFileType = sourcecode.swift; path = AppDelegate.swift; sourceTree = "<group>"; };
		834BB7DA211971B90072069F /* SignUpController.swift */ = {isa = PBXFileReference; lastKnownFileType = sourcecode.swift; path = SignUpController.swift; sourceTree = "<group>"; };
		834BB7DD211971B90072069F /* Base */ = {isa = PBXFileReference; lastKnownFileType = file.storyboard; name = Base; path = Base.lproj/Main.storyboard; sourceTree = "<group>"; };
		834BB7DF211971BA0072069F /* Assets.xcassets */ = {isa = PBXFileReference; lastKnownFileType = folder.assetcatalog; path = Assets.xcassets; sourceTree = "<group>"; };
		834BB7E2211971BA0072069F /* Base */ = {isa = PBXFileReference; lastKnownFileType = file.storyboard; name = Base; path = Base.lproj/LaunchScreen.storyboard; sourceTree = "<group>"; };
		834BB7E4211971BA0072069F /* Info.plist */ = {isa = PBXFileReference; lastKnownFileType = text.plist.xml; path = Info.plist; sourceTree = "<group>"; };
		834BB7EB211A78110072069F /* Extensions.swift */ = {isa = PBXFileReference; lastKnownFileType = sourcecode.swift; path = Extensions.swift; sourceTree = "<group>"; };
		834BB7EF211A81CF0072069F /* GoogleService-Info.plist */ = {isa = PBXFileReference; fileEncoding = 4; lastKnownFileType = text.plist.xml; path = "GoogleService-Info.plist"; sourceTree = "<group>"; };
		834BB7F1211F93780072069F /* MainTabBarController.swift */ = {isa = PBXFileReference; lastKnownFileType = sourcecode.swift; path = MainTabBarController.swift; sourceTree = "<group>"; };
		834BB7F3211F94AA0072069F /* UserProfileController.swift */ = {isa = PBXFileReference; lastKnownFileType = sourcecode.swift; path = UserProfileController.swift; sourceTree = "<group>"; };
		834BB7F7211F9FB10072069F /* UserProfileHeader.swift */ = {isa = PBXFileReference; lastKnownFileType = sourcecode.swift; path = UserProfileHeader.swift; sourceTree = "<group>"; };
		834BB7FB212249280072069F /* LoginController.swift */ = {isa = PBXFileReference; lastKnownFileType = sourcecode.swift; path = LoginController.swift; sourceTree = "<group>"; };
		BD43DDE3B2928C8981F457CE /* Pods_Instagram_Firebase.framework */ = {isa = PBXFileReference; explicitFileType = wrapper.framework; includeInIndex = 0; path = Pods_Instagram_Firebase.framework; sourceTree = BUILT_PRODUCTS_DIR; };
		D847301AD3106A257B0C5299 /* Pods-Instagram-Firebase.debug.xcconfig */ = {isa = PBXFileReference; includeInIndex = 1; lastKnownFileType = text.xcconfig; name = "Pods-Instagram-Firebase.debug.xcconfig"; path = "Pods/Target Support Files/Pods-Instagram-Firebase/Pods-Instagram-Firebase.debug.xcconfig"; sourceTree = "<group>"; };
/* End PBXFileReference section */

/* Begin PBXFrameworksBuildPhase section */
		834BB7D2211971B90072069F /* Frameworks */ = {
			isa = PBXFrameworksBuildPhase;
			buildActionMask = 2147483647;
			files = (
				CE1B9A1352E37CE90A2B156E /* Pods_Instagram_Firebase.framework in Frameworks */,
			);
			runOnlyForDeploymentPostprocessing = 0;
		};
/* End PBXFrameworksBuildPhase section */

/* Begin PBXGroup section */
		47EA07D0810B58E9BA5C207A /* Frameworks */ = {
			isa = PBXGroup;
			children = (
				BD43DDE3B2928C8981F457CE /* Pods_Instagram_Firebase.framework */,
			);
			name = Frameworks;
			sourceTree = "<group>";
		};
		834BB7CC211971B90072069F = {
			isa = PBXGroup;
			children = (
				834BB7D7211971B90072069F /* Instagram-Firebase */,
				834BB7D6211971B90072069F /* Products */,
				B3B72D5F2017D1D2130DD4FB /* Pods */,
				47EA07D0810B58E9BA5C207A /* Frameworks */,
			);
			sourceTree = "<group>";
		};
		834BB7D6211971B90072069F /* Products */ = {
			isa = PBXGroup;
			children = (
				834BB7D5211971B90072069F /* Instagram-Firebase.app */,
			);
			name = Products;
			sourceTree = "<group>";
		};
		834BB7D7211971B90072069F /* Instagram-Firebase */ = {
			isa = PBXGroup;
			children = (
				834BB7FA212249110072069F /* Login */,
				834BB7F6211F9F950072069F /* UserProfile */,
				834BB7EA211A78030072069F /* Utils */,
				834BB7D8211971B90072069F /* AppDelegate.swift */,
				834BB7F1211F93780072069F /* MainTabBarController.swift */,
				834BB7DC211971B90072069F /* Main.storyboard */,
				834BB7DF211971BA0072069F /* Assets.xcassets */,
				834BB7E1211971BA0072069F /* LaunchScreen.storyboard */,
				834BB7E4211971BA0072069F /* Info.plist */,
				834BB7EF211A81CF0072069F /* GoogleService-Info.plist */,
			);
			path = "Instagram-Firebase";
			sourceTree = "<group>";
		};
		834BB7EA211A78030072069F /* Utils */ = {
			isa = PBXGroup;
			children = (
				834BB7EB211A78110072069F /* Extensions.swift */,
			);
			path = Utils;
			sourceTree = "<group>";
		};
		834BB7F6211F9F950072069F /* UserProfile */ = {
			isa = PBXGroup;
			children = (
				834BB7F7211F9FB10072069F /* UserProfileHeader.swift */,
				834BB7F3211F94AA0072069F /* UserProfileController.swift */,
			);
			path = UserProfile;
			sourceTree = "<group>";
		};
		834BB7FA212249110072069F /* Login */ = {
			isa = PBXGroup;
			children = (
				834BB7FB212249280072069F /* LoginController.swift */,
				834BB7DA211971B90072069F /* SignUpController.swift */,
			);
			path = Login;
			sourceTree = "<group>";
		};
		B3B72D5F2017D1D2130DD4FB /* Pods */ = {
			isa = PBXGroup;
			children = (
				D847301AD3106A257B0C5299 /* Pods-Instagram-Firebase.debug.xcconfig */,
				0426062A229542476B4E730E /* Pods-Instagram-Firebase.release.xcconfig */,
			);
			name = Pods;
			sourceTree = "<group>";
		};
/* End PBXGroup section */

/* Begin PBXNativeTarget section */
		834BB7D4211971B90072069F /* Instagram-Firebase */ = {
			isa = PBXNativeTarget;
			buildConfigurationList = 834BB7E7211971BA0072069F /* Build configuration list for PBXNativeTarget "Instagram-Firebase" */;
			buildPhases = (
				2D9C498CB80C651D9EDE5B2D /* [CP] Check Pods Manifest.lock */,
				834BB7D1211971B90072069F /* Sources */,
				834BB7D2211971B90072069F /* Frameworks */,
				834BB7D3211971B90072069F /* Resources */,
				99C4B63985DACC4A31E853FD /* [CP] Embed Pods Frameworks */,
			);
			buildRules = (
			);
			dependencies = (
			);
			name = "Instagram-Firebase";
			productName = "Instagramp-Firebase";
			productReference = 834BB7D5211971B90072069F /* Instagram-Firebase.app */;
			productType = "com.apple.product-type.application";
		};
/* End PBXNativeTarget section */

/* Begin PBXProject section */
		834BB7CD211971B90072069F /* Project object */ = {
			isa = PBXProject;
			attributes = {
				LastSwiftUpdateCheck = 0940;
				LastUpgradeCheck = 0940;
				ORGANIZATIONNAME = "kuronuma studios";
				TargetAttributes = {
					834BB7D4211971B90072069F = {
						CreatedOnToolsVersion = 9.4.1;
					};
				};
			};
			buildConfigurationList = 834BB7D0211971B90072069F /* Build configuration list for PBXProject "Instagram-Firebase" */;
			compatibilityVersion = "Xcode 9.3";
			developmentRegion = en;
			hasScannedForEncodings = 0;
			knownRegions = (
				en,
				Base,
			);
			mainGroup = 834BB7CC211971B90072069F;
			productRefGroup = 834BB7D6211971B90072069F /* Products */;
			projectDirPath = "";
			projectRoot = "";
			targets = (
				834BB7D4211971B90072069F /* Instagram-Firebase */,
			);
		};
/* End PBXProject section */

/* Begin PBXResourcesBuildPhase section */
		834BB7D3211971B90072069F /* Resources */ = {
			isa = PBXResourcesBuildPhase;
			buildActionMask = 2147483647;
			files = (
				834BB7E3211971BA0072069F /* LaunchScreen.storyboard in Resources */,
				834BB7F0211A81CF0072069F /* GoogleService-Info.plist in Resources */,
				834BB7E0211971BA0072069F /* Assets.xcassets in Resources */,
				834BB7DE211971B90072069F /* Main.storyboard in Resources */,
			);
			runOnlyForDeploymentPostprocessing = 0;
		};
/* End PBXResourcesBuildPhase section */

/* Begin PBXShellScriptBuildPhase section */
		2D9C498CB80C651D9EDE5B2D /* [CP] Check Pods Manifest.lock */ = {
			isa = PBXShellScriptBuildPhase;
			buildActionMask = 2147483647;
			files = (
			);
			inputPaths = (
				"${PODS_PODFILE_DIR_PATH}/Podfile.lock",
				"${PODS_ROOT}/Manifest.lock",
			);
			name = "[CP] Check Pods Manifest.lock";
			outputPaths = (
				"$(DERIVED_FILE_DIR)/Pods-Instagram-Firebase-checkManifestLockResult.txt",
			);
			runOnlyForDeploymentPostprocessing = 0;
			shellPath = /bin/sh;
			shellScript = "diff \"${PODS_PODFILE_DIR_PATH}/Podfile.lock\" \"${PODS_ROOT}/Manifest.lock\" > /dev/null\nif [ $? != 0 ] ; then\n    # print error to STDERR\n    echo \"error: The sandbox is not in sync with the Podfile.lock. Run 'pod install' or update your CocoaPods installation.\" >&2\n    exit 1\nfi\n# This output is used by Xcode 'outputs' to avoid re-running this script phase.\necho \"SUCCESS\" > \"${SCRIPT_OUTPUT_FILE_0}\"\n";
			showEnvVarsInLog = 0;
		};
		99C4B63985DACC4A31E853FD /* [CP] Embed Pods Frameworks */ = {
			isa = PBXShellScriptBuildPhase;
			buildActionMask = 2147483647;
			files = (
			);
			inputPaths = (
				"${SRCROOT}/Pods/Target Support Files/Pods-Instagram-Firebase/Pods-Instagram-Firebase-frameworks.sh",
				"${BUILT_PRODUCTS_DIR}/GTMSessionFetcher/GTMSessionFetcher.framework",
				"${BUILT_PRODUCTS_DIR}/GoogleToolboxForMac/GoogleToolboxForMac.framework",
				"${BUILT_PRODUCTS_DIR}/leveldb-library/leveldb.framework",
			);
			name = "[CP] Embed Pods Frameworks";
			outputPaths = (
				"${TARGET_BUILD_DIR}/${FRAMEWORKS_FOLDER_PATH}/GTMSessionFetcher.framework",
				"${TARGET_BUILD_DIR}/${FRAMEWORKS_FOLDER_PATH}/GoogleToolboxForMac.framework",
				"${TARGET_BUILD_DIR}/${FRAMEWORKS_FOLDER_PATH}/leveldb.framework",
			);
			runOnlyForDeploymentPostprocessing = 0;
			shellPath = /bin/sh;
			shellScript = "\"${SRCROOT}/Pods/Target Support Files/Pods-Instagram-Firebase/Pods-Instagram-Firebase-frameworks.sh\"\n";
			showEnvVarsInLog = 0;
		};
/* End PBXShellScriptBuildPhase section */

/* Begin PBXSourcesBuildPhase section */
		834BB7D1211971B90072069F /* Sources */ = {
			isa = PBXSourcesBuildPhase;
			buildActionMask = 2147483647;
			files = (
				834BB7DB211971B90072069F /* SignUpController.swift in Sources */,
				834BB7EC211A78110072069F /* Extensions.swift in Sources */,
				834BB7F2211F93780072069F /* MainTabBarController.swift in Sources */,
				834BB7F8211F9FB10072069F /* UserProfileHeader.swift in Sources */,
				834BB7F4211F94AA0072069F /* UserProfileController.swift in Sources */,
				834BB7D9211971B90072069F /* AppDelegate.swift in Sources */,
				834BB7FC212249280072069F /* LoginController.swift in Sources */,
			);
			runOnlyForDeploymentPostprocessing = 0;
		};
/* End PBXSourcesBuildPhase section */

/* Begin PBXVariantGroup section */
		834BB7DC211971B90072069F /* Main.storyboard */ = {
			isa = PBXVariantGroup;
			children = (
				834BB7DD211971B90072069F /* Base */,
			);
			name = Main.storyboard;
			sourceTree = "<group>";
		};
		834BB7E1211971BA0072069F /* LaunchScreen.storyboard */ = {
			isa = PBXVariantGroup;
			children = (
				834BB7E2211971BA0072069F /* Base */,
			);
			name = LaunchScreen.storyboard;
			sourceTree = "<group>";
		};
/* End PBXVariantGroup section */

/* Begin XCBuildConfiguration section */
		834BB7E5211971BA0072069F /* Debug */ = {
			isa = XCBuildConfiguration;
			buildSettings = {
				ALWAYS_SEARCH_USER_PATHS = NO;
				CLANG_ANALYZER_NONNULL = YES;
				CLANG_ANALYZER_NUMBER_OBJECT_CONVERSION = YES_AGGRESSIVE;
				CLANG_CXX_LANGUAGE_STANDARD = "gnu++14";
				CLANG_CXX_LIBRARY = "libc++";
				CLANG_ENABLE_MODULES = YES;
				CLANG_ENABLE_OBJC_ARC = YES;
				CLANG_ENABLE_OBJC_WEAK = YES;
				CLANG_WARN_BLOCK_CAPTURE_AUTORELEASING = YES;
				CLANG_WARN_BOOL_CONVERSION = YES;
				CLANG_WARN_COMMA = YES;
				CLANG_WARN_CONSTANT_CONVERSION = YES;
				CLANG_WARN_DEPRECATED_OBJC_IMPLEMENTATIONS = YES;
				CLANG_WARN_DIRECT_OBJC_ISA_USAGE = YES_ERROR;
				CLANG_WARN_DOCUMENTATION_COMMENTS = YES;
				CLANG_WARN_EMPTY_BODY = YES;
				CLANG_WARN_ENUM_CONVERSION = YES;
				CLANG_WARN_INFINITE_RECURSION = YES;
				CLANG_WARN_INT_CONVERSION = YES;
				CLANG_WARN_NON_LITERAL_NULL_CONVERSION = YES;
				CLANG_WARN_OBJC_IMPLICIT_RETAIN_SELF = YES;
				CLANG_WARN_OBJC_LITERAL_CONVERSION = YES;
				CLANG_WARN_OBJC_ROOT_CLASS = YES_ERROR;
				CLANG_WARN_RANGE_LOOP_ANALYSIS = YES;
				CLANG_WARN_STRICT_PROTOTYPES = YES;
				CLANG_WARN_SUSPICIOUS_MOVE = YES;
				CLANG_WARN_UNGUARDED_AVAILABILITY = YES_AGGRESSIVE;
				CLANG_WARN_UNREACHABLE_CODE = YES;
				CLANG_WARN__DUPLICATE_METHOD_MATCH = YES;
				CODE_SIGN_IDENTITY = "iPhone Developer";
				COPY_PHASE_STRIP = NO;
				DEBUG_INFORMATION_FORMAT = dwarf;
				ENABLE_STRICT_OBJC_MSGSEND = YES;
				ENABLE_TESTABILITY = YES;
				GCC_C_LANGUAGE_STANDARD = gnu11;
				GCC_DYNAMIC_NO_PIC = NO;
				GCC_NO_COMMON_BLOCKS = YES;
				GCC_OPTIMIZATION_LEVEL = 0;
				GCC_PREPROCESSOR_DEFINITIONS = (
					"DEBUG=1",
					"$(inherited)",
				);
				GCC_WARN_64_TO_32_BIT_CONVERSION = YES;
				GCC_WARN_ABOUT_RETURN_TYPE = YES_ERROR;
				GCC_WARN_UNDECLARED_SELECTOR = YES;
				GCC_WARN_UNINITIALIZED_AUTOS = YES_AGGRESSIVE;
				GCC_WARN_UNUSED_FUNCTION = YES;
				GCC_WARN_UNUSED_VARIABLE = YES;
				IPHONEOS_DEPLOYMENT_TARGET = 11.4;
				MTL_ENABLE_DEBUG_INFO = YES;
				ONLY_ACTIVE_ARCH = YES;
				SDKROOT = iphoneos;
				SWIFT_ACTIVE_COMPILATION_CONDITIONS = DEBUG;
				SWIFT_OPTIMIZATION_LEVEL = "-Onone";
			};
			name = Debug;
		};
		834BB7E6211971BA0072069F /* Release */ = {
			isa = XCBuildConfiguration;
			buildSettings = {
				ALWAYS_SEARCH_USER_PATHS = NO;
				CLANG_ANALYZER_NONNULL = YES;
				CLANG_ANALYZER_NUMBER_OBJECT_CONVERSION = YES_AGGRESSIVE;
				CLANG_CXX_LANGUAGE_STANDARD = "gnu++14";
				CLANG_CXX_LIBRARY = "libc++";
				CLANG_ENABLE_MODULES = YES;
				CLANG_ENABLE_OBJC_ARC = YES;
				CLANG_ENABLE_OBJC_WEAK = YES;
				CLANG_WARN_BLOCK_CAPTURE_AUTORELEASING = YES;
				CLANG_WARN_BOOL_CONVERSION = YES;
				CLANG_WARN_COMMA = YES;
				CLANG_WARN_CONSTANT_CONVERSION = YES;
				CLANG_WARN_DEPRECATED_OBJC_IMPLEMENTATIONS = YES;
				CLANG_WARN_DIRECT_OBJC_ISA_USAGE = YES_ERROR;
				CLANG_WARN_DOCUMENTATION_COMMENTS = YES;
				CLANG_WARN_EMPTY_BODY = YES;
				CLANG_WARN_ENUM_CONVERSION = YES;
				CLANG_WARN_INFINITE_RECURSION = YES;
				CLANG_WARN_INT_CONVERSION = YES;
				CLANG_WARN_NON_LITERAL_NULL_CONVERSION = YES;
				CLANG_WARN_OBJC_IMPLICIT_RETAIN_SELF = YES;
				CLANG_WARN_OBJC_LITERAL_CONVERSION = YES;
				CLANG_WARN_OBJC_ROOT_CLASS = YES_ERROR;
				CLANG_WARN_RANGE_LOOP_ANALYSIS = YES;
				CLANG_WARN_STRICT_PROTOTYPES = YES;
				CLANG_WARN_SUSPICIOUS_MOVE = YES;
				CLANG_WARN_UNGUARDED_AVAILABILITY = YES_AGGRESSIVE;
				CLANG_WARN_UNREACHABLE_CODE = YES;
				CLANG_WARN__DUPLICATE_METHOD_MATCH = YES;
				CODE_SIGN_IDENTITY = "iPhone Developer";
				COPY_PHASE_STRIP = NO;
				DEBUG_INFORMATION_FORMAT = "dwarf-with-dsym";
				ENABLE_NS_ASSERTIONS = NO;
				ENABLE_STRICT_OBJC_MSGSEND = YES;
				GCC_C_LANGUAGE_STANDARD = gnu11;
				GCC_NO_COMMON_BLOCKS = YES;
				GCC_WARN_64_TO_32_BIT_CONVERSION = YES;
				GCC_WARN_ABOUT_RETURN_TYPE = YES_ERROR;
				GCC_WARN_UNDECLARED_SELECTOR = YES;
				GCC_WARN_UNINITIALIZED_AUTOS = YES_AGGRESSIVE;
				GCC_WARN_UNUSED_FUNCTION = YES;
				GCC_WARN_UNUSED_VARIABLE = YES;
				IPHONEOS_DEPLOYMENT_TARGET = 11.4;
				MTL_ENABLE_DEBUG_INFO = NO;
				SDKROOT = iphoneos;
				SWIFT_COMPILATION_MODE = wholemodule;
				SWIFT_OPTIMIZATION_LEVEL = "-O";
				VALIDATE_PRODUCT = YES;
			};
			name = Release;
		};
		834BB7E8211971BA0072069F /* Debug */ = {
			isa = XCBuildConfiguration;
			baseConfigurationReference = D847301AD3106A257B0C5299 /* Pods-Instagram-Firebase.debug.xcconfig */;
			buildSettings = {
				ASSETCATALOG_COMPILER_APPICON_NAME = AppIcon;
				CODE_SIGN_STYLE = Automatic;
				DEVELOPMENT_TEAM = Q5VP47U88X;
				INFOPLIST_FILE = "$(SRCROOT)/Instagram-Firebase/Info.plist";
				LD_RUNPATH_SEARCH_PATHS = (
					"$(inherited)",
					"@executable_path/Frameworks",
				);
				PRODUCT_BUNDLE_IDENTIFIER = "com.kuronumastudios.Instagram-Firebase";
				PRODUCT_NAME = "$(TARGET_NAME)";
				SWIFT_VERSION = 4.0;
				TARGETED_DEVICE_FAMILY = "1,2";
			};
			name = Debug;
		};
		834BB7E9211971BA0072069F /* Release */ = {
			isa = XCBuildConfiguration;
			baseConfigurationReference = 0426062A229542476B4E730E /* Pods-Instagram-Firebase.release.xcconfig */;
			buildSettings = {
				ASSETCATALOG_COMPILER_APPICON_NAME = AppIcon;
				CODE_SIGN_STYLE = Automatic;
				DEVELOPMENT_TEAM = Q5VP47U88X;
				INFOPLIST_FILE = "$(SRCROOT)/Instagram-Firebase/Info.plist";
				LD_RUNPATH_SEARCH_PATHS = (
					"$(inherited)",
					"@executable_path/Frameworks",
				);
				PRODUCT_BUNDLE_IDENTIFIER = "com.kuronumastudios.Instagram-Firebase";
				PRODUCT_NAME = "$(TARGET_NAME)";
				SWIFT_VERSION = 4.0;
				TARGETED_DEVICE_FAMILY = "1,2";
			};
			name = Release;
		};
/* End XCBuildConfiguration section */

/* Begin XCConfigurationList section */
		834BB7D0211971B90072069F /* Build configuration list for PBXProject "Instagram-Firebase" */ = {
			isa = XCConfigurationList;
			buildConfigurations = (
				834BB7E5211971BA0072069F /* Debug */,
				834BB7E6211971BA0072069F /* Release */,
			);
			defaultConfigurationIsVisible = 0;
			defaultConfigurationName = Release;
		};
		834BB7E7211971BA0072069F /* Build configuration list for PBXNativeTarget "Instagram-Firebase" */ = {
			isa = XCConfigurationList;
			buildConfigurations = (
				834BB7E8211971BA0072069F /* Debug */,
				834BB7E9211971BA0072069F /* Release */,
			);
			defaultConfigurationIsVisible = 0;
			defaultConfigurationName = Release;
		};
/* End XCConfigurationList section */
	};
	rootObject = 834BB7CD211971B90072069F /* Project object */;
}
